{
    "_readme": [
        "This file locks the dependencies of your project to a known state",
        "Read more about it at https://getcomposer.org/doc/01-basic-usage.md#composer-lock-the-lock-file",
        "This file is @generated automatically"
    ],
    "hash": "2babc9dc08ab2caba4bcc4c675cb7a93",
    "content-hash": "b36e01d2cba950603b3e0b7ed6100fb4",
    "packages": [
        {
            "name": "composer/installers",
            "version": "v1.6.0",
            "source": {
                "type": "git",
                "url": "https://github.com/composer/installers.git",
                "reference": "cfcca6b1b60bc4974324efb5783c13dca6932b5b"
            },
            "dist": {
                "type": "zip",
                "url": "https://api.github.com/repos/composer/installers/zipball/cfcca6b1b60bc4974324efb5783c13dca6932b5b",
                "reference": "cfcca6b1b60bc4974324efb5783c13dca6932b5b",
                "shasum": ""
            },
            "require": {
                "composer-plugin-api": "^1.0"
            },
            "replace": {
                "roundcube/plugin-installer": "*",
                "shama/baton": "*"
            },
            "require-dev": {
                "composer/composer": "1.0.*@dev",
                "phpunit/phpunit": "^4.8.36"
            },
            "type": "composer-plugin",
            "extra": {
                "class": "Composer\\Installers\\Plugin",
                "branch-alias": {
                    "dev-master": "1.0-dev"
                }
            },
            "autoload": {
                "psr-4": {
                    "Composer\\Installers\\": "src/Composer/Installers"
                }
            },
            "notification-url": "https://packagist.org/downloads/",
            "license": [
                "MIT"
            ],
            "authors": [
                {
                    "name": "Kyle Robinson Young",
                    "email": "kyle@dontkry.com",
                    "homepage": "https://github.com/shama"
                }
            ],
            "description": "A multi-framework Composer library installer",
            "homepage": "https://composer.github.io/installers/",
            "keywords": [
                "Craft",
                "Dolibarr",
                "Eliasis",
                "Hurad",
                "ImageCMS",
                "Kanboard",
                "Lan Management System",
                "MODX Evo",
                "Mautic",
                "Maya",
                "OXID",
                "Plentymarkets",
                "Porto",
                "RadPHP",
                "SMF",
                "Thelia",
                "WolfCMS",
                "agl",
                "aimeos",
                "annotatecms",
                "attogram",
                "bitrix",
                "cakephp",
                "chef",
                "cockpit",
                "codeigniter",
                "concrete5",
                "croogo",
                "dokuwiki",
                "drupal",
                "eZ Platform",
                "elgg",
                "expressionengine",
                "fuelphp",
                "grav",
                "installer",
                "itop",
                "joomla",
                "kohana",
                "laravel",
                "lavalite",
                "lithium",
                "magento",
                "majima",
                "mako",
                "mediawiki",
                "modulework",
                "modx",
                "moodle",
                "osclass",
                "phpbb",
                "piwik",
                "ppi",
                "puppet",
                "pxcms",
                "reindex",
                "roundcube",
                "shopware",
                "silverstripe",
                "sydes",
                "symfony",
                "typo3",
                "wordpress",
                "yawik",
                "zend",
                "zikula"
            ],
            "time": "2018-08-27 06:10:37"
        },
        {
            "name": "johnpbloch/wordpress",
            "version": "4.9.8",
            "source": {
                "type": "git",
                "url": "https://github.com/johnpbloch/wordpress.git",
                "reference": "de02cd79a41e06f36558040724414197cb7f6246"
            },
            "dist": {
                "type": "zip",
                "url": "https://api.github.com/repos/johnpbloch/wordpress/zipball/de02cd79a41e06f36558040724414197cb7f6246",
                "reference": "de02cd79a41e06f36558040724414197cb7f6246",
                "shasum": ""
            },
            "require": {
                "johnpbloch/wordpress-core": "4.9.8",
                "johnpbloch/wordpress-core-installer": "^1.0",
                "php": ">=5.3.2"
            },
            "type": "package",
            "notification-url": "https://packagist.org/downloads/",
            "license": [
                "GPL-2.0+"
            ],
            "authors": [
                {
                    "name": "WordPress Community",
                    "homepage": "http://wordpress.org/about/"
                }
            ],
            "description": "WordPress is web software you can use to create a beautiful website or blog.",
            "homepage": "http://wordpress.org/",
            "keywords": [
                "blog",
                "cms",
                "wordpress"
            ],
            "time": "2018-08-02 21:48:39"
        },
        {
            "name": "johnpbloch/wordpress-core",
            "version": "4.9.8",
            "source": {
                "type": "git",
                "url": "https://github.com/johnpbloch/wordpress-core.git",
                "reference": "50323f9b91d7689d615b4af02caf9d80584b1cfc"
            },
            "dist": {
                "type": "zip",
                "url": "https://api.github.com/repos/johnpbloch/wordpress-core/zipball/50323f9b91d7689d615b4af02caf9d80584b1cfc",
                "reference": "50323f9b91d7689d615b4af02caf9d80584b1cfc",
                "shasum": ""
            },
            "require": {
                "php": ">=5.3.2"
            },
            "provide": {
                "wordpress/core-implementation": "4.9.8"
            },
            "type": "wordpress-core",
            "notification-url": "https://packagist.org/downloads/",
            "license": [
                "GPL-2.0-or-later"
            ],
            "authors": [
                {
                    "name": "WordPress Community",
                    "homepage": "http://wordpress.org/about/"
                }
            ],
            "description": "WordPress is web software you can use to create a beautiful website or blog.",
            "homepage": "http://wordpress.org/",
            "keywords": [
                "blog",
                "cms",
                "wordpress"
            ],
            "time": "2018-08-02 21:48:32"
        },
        {
            "name": "johnpbloch/wordpress-core-installer",
            "version": "1.0.0.2",
            "source": {
                "type": "git",
                "url": "https://github.com/johnpbloch/wordpress-core-installer.git",
                "reference": "7941acd71725710a789daabe0557429da63e7ac6"
            },
            "dist": {
                "type": "zip",
                "url": "https://api.github.com/repos/johnpbloch/wordpress-core-installer/zipball/7941acd71725710a789daabe0557429da63e7ac6",
                "reference": "7941acd71725710a789daabe0557429da63e7ac6",
                "shasum": ""
            },
            "require": {
                "composer-plugin-api": "^1.0"
            },
            "conflict": {
                "composer/installers": "<1.0.6"
            },
            "require-dev": {
                "composer/composer": "^1.0",
                "phpunit/phpunit": ">=4.8.35"
            },
            "type": "composer-plugin",
            "extra": {
                "class": "johnpbloch\\Composer\\WordPressCorePlugin"
            },
            "autoload": {
                "psr-0": {
                    "johnpbloch\\Composer\\": "src/"
                }
            },
            "notification-url": "https://packagist.org/downloads/",
            "license": [
                "GPL-2.0+"
            ],
            "authors": [
                {
                    "name": "John P. Bloch",
                    "email": "me@johnpbloch.com"
                }
            ],
            "description": "A custom installer to handle deploying WordPress with composer",
            "keywords": [
                "wordpress"
            ],
            "time": "2018-01-29 14:49:29"
        },
        {
            "name": "wpackagist-plugin/contact-form-7",
            "version": "5.0.4",
            "source": {
                "type": "svn",
                "url": "https://plugins.svn.wordpress.org/contact-form-7/",
                "reference": "tags/5.0.4"
            },
            "dist": {
                "type": "zip",
                "url": "https://downloads.wordpress.org/plugin/contact-form-7.5.0.4.zip",
                "reference": null,
                "shasum": null
            },
            "require": {
                "composer/installers": "~1.0"
            },
            "type": "wordpress-plugin",
            "homepage": "https://wordpress.org/plugins/contact-form-7/"
        },
        {
            "name": "wpackagist-plugin/cookie-notice",
            "version": "1.2.44",
            "source": {
                "type": "svn",
                "url": "https://plugins.svn.wordpress.org/cookie-notice/",
                "reference": "tags/1.2.44"
            },
            "dist": {
                "type": "zip",
                "url": "https://downloads.wordpress.org/plugin/cookie-notice.1.2.44.zip",
                "reference": null,
                "shasum": null
            },
            "require": {
                "composer/installers": "~1.0"
            },
            "type": "wordpress-plugin",
            "homepage": "https://wordpress.org/plugins/cookie-notice/"
        },
        {
            "name": "wpackagist-plugin/simply-show-hooks",
            "version": "1.2.1",
            "source": {
                "type": "svn",
                "url": "https://plugins.svn.wordpress.org/simply-show-hooks/",
                "reference": "tags/1.2.1"
            },
            "dist": {
                "type": "zip",
                "url": "https://downloads.wordpress.org/plugin/simply-show-hooks.1.2.1.zip",
                "reference": null,
                "shasum": null
            },
            "require": {
                "composer/installers": "~1.0"
            },
            "type": "wordpress-plugin",
            "homepage": "https://wordpress.org/plugins/simply-show-hooks/"
        },
        {
            "name": "wpackagist-plugin/what-the-file",
            "version": "1.5.4",
            "source": {
                "type": "svn",
                "url": "https://plugins.svn.wordpress.org/what-the-file/",
                "reference": "tags/1.5.4"
            },
            "dist": {
                "type": "zip",
                "url": "https://downloads.wordpress.org/plugin/what-the-file.1.5.4.zip",
                "reference": null,
                "shasum": null
            },
            "require": {
                "composer/installers": "~1.0"
            },
            "type": "wordpress-plugin",
            "homepage": "https://wordpress.org/plugins/what-the-file/"
        },
        {
            "name": "wpackagist-theme/twentyseventeen",
            "version": "1.7",
            "source": {
                "type": "svn",
                "url": "https://themes.svn.wordpress.org/twentyseventeen/",
                "reference": "1.7"
            },
            "dist": {
                "type": "zip",
                "url": "https://downloads.wordpress.org/theme/twentyseventeen.1.7.zip",
                "reference": null,
                "shasum": null
            },
            "require": {
                "composer/installers": "~1.0"
            },
            "type": "wordpress-theme",
            "homepage": "https://wordpress.org/themes/twentyseventeen/"
        }
    ],
    "packages-dev": [],
    "aliases": [],
    "minimum-stability": "stable",
    "stability-flags": [],
    "prefer-stable": false,
    "prefer-lowest": false,
    "platform": [],
    "platform-dev": []
}
